
Microsoft Visual Studio Solution File, Format Version 12.00
# Visual Studio Version 17
VisualStudioVersion = 17.0.31717.71
MinimumVisualStudioVersion = 10.0.40219.1
Project("{2150E333-8FDC-42A3-9474-1A3956D46DE8}") = "src", "src", "{B929A431-00E4-4054-8796-A6F1DF7AC3EA}"
	ProjectSection(SolutionItems) = preProject
		src\Directory.Build.props = src\Directory.Build.props
	EndProjectSection
EndProject
Project("{2150E333-8FDC-42A3-9474-1A3956D46DE8}") = "examples", "examples", "{51587962-74F5-415F-AA57-FEC39EF78DBC}"
EndProject
Project("{2150E333-8FDC-42A3-9474-1A3956D46DE8}") = "Solution Items", "Solution Items", "{E238CBB6-3B84-472C-9F0C-3946E4815398}"
	ProjectSection(SolutionItems) = preProject
		.editorconfig = .editorconfig
		.github\workflows\BuildAndTest.yml = .github\workflows\BuildAndTest.yml
		.github\workflows\CreateRelease.yml = .github\workflows\CreateRelease.yml
		Directory.Build.props = Directory.Build.props
		Generate-ReleaseNotes.bat = Generate-ReleaseNotes.bat
		PackageReadme.md = PackageReadme.md
		README.md = README.md
		ReleaseNotes.md = ReleaseNotes.md
	EndProjectSection
EndProject
Project("{9A19103F-16F7-4668-BE54-9A1E7A4F7556}") = "RamlToOpenApiConverter", "src\RamlToOpenApiConverter\RamlToOpenApiConverter.csproj", "{D3804228-91F4-1111-9595-39584E5A01AD}"
EndProject
Project("{9A19103F-16F7-4668-BE54-9A1E7A4F7556}") = "TestConsoleApp", "examples\TestConsoleApp\TestConsoleApp.csproj", "{7E44ABE0-9290-4089-822C-F6641502D57B}"
EndProject
Project("{2150E333-8FDC-42A3-9474-1A3956D46DE8}") = "test", "test", "{B6E64DE9-6ABC-49B5-BF60-84111A43FD0C}"
EndProject
Project("{9A19103F-16F7-4668-BE54-9A1E7A4F7556}") = "RamlToOpenApiConverterTest", "test\RamlToOpenApiConverterTest\RamlToOpenApiConverterTest.csproj", "{619F6271-9459-4FF4-A0EE-F3A6DC3DDF16}"
EndProject
Project("{FAE04EC0-301F-11D3-BF4B-00C04F79EFBC}") = "TestWebApp", "examples\TestWebApp\TestWebApp.csproj", "{17A41057-FB1B-1912-E250-BF806A8E5E65}"
EndProject
Project("{FAE04EC0-301F-11D3-BF4B-00C04F79EFBC}") = "RamlToOpenApiConverter.SourceOnly", "src\RamlToOpenApiConverter.SourceOnly\RamlToOpenApiConverter.SourceOnly.csproj", "{6F530CA1-6FEC-4AE0-A688-0A18FEF9C1B4}"
EndProject
Project("{FAE04EC0-301F-11D3-BF4B-00C04F79EFBC}") = "TestConsoleAppNuGet", "examples\TestConsoleAppNuGet\TestConsoleAppNuGet.csproj", "{8086F0C6-33F6-C2A9-C2C6-443ECED87441}"
EndProject
Global
	GlobalSection(SolutionConfigurationPlatforms) = preSolution
		Debug|Any CPU = Debug|Any CPU
		Release|Any CPU = Release|Any CPU
	EndGlobalSection
	GlobalSection(ProjectConfigurationPlatforms) = postSolution
		{D3804228-91F4-1111-9595-39584E5A01AD}.Debug|Any CPU.ActiveCfg = Debug|Any CPU
		{D3804228-91F4-1111-9595-39584E5A01AD}.Debug|Any CPU.Build.0 = Debug|Any CPU
		{D3804228-91F4-1111-9595-39584E5A01AD}.Release|Any CPU.ActiveCfg = Release|Any CPU
		{D3804228-91F4-1111-9595-39584E5A01AD}.Release|Any CPU.Build.0 = Release|Any CPU
		{7E44ABE0-9290-4089-822C-F6641502D57B}.Debug|Any CPU.ActiveCfg = Debug|Any CPU
		{7E44ABE0-9290-4089-822C-F6641502D57B}.Debug|Any CPU.Build.0 = Debug|Any CPU
		{7E44ABE0-9290-4089-822C-F6641502D57B}.Release|Any CPU.ActiveCfg = Release|Any CPU
		{7E44ABE0-9290-4089-822C-F6641502D57B}.Release|Any CPU.Build.0 = Release|Any CPU
		{619F6271-9459-4FF4-A0EE-F3A6DC3DDF16}.Debug|Any CPU.ActiveCfg = Debug|Any CPU
		{619F6271-9459-4FF4-A0EE-F3A6DC3DDF16}.Debug|Any CPU.Build.0 = Debug|Any CPU
		{619F6271-9459-4FF4-A0EE-F3A6DC3DDF16}.Release|Any CPU.ActiveCfg = Release|Any CPU
		{619F6271-9459-4FF4-A0EE-F3A6DC3DDF16}.Release|Any CPU.Build.0 = Release|Any CPU
		{17A41057-FB1B-1912-E250-BF806A8E5E65}.Debug|Any CPU.ActiveCfg = Debug|Any CPU
		{17A41057-FB1B-1912-E250-BF806A8E5E65}.Debug|Any CPU.Build.0 = Debug|Any CPU
		{17A41057-FB1B-1912-E250-BF806A8E5E65}.Release|Any CPU.ActiveCfg = Release|Any CPU
		{17A41057-FB1B-1912-E250-BF806A8E5E65}.Release|Any CPU.Build.0 = Release|Any CPU
		{6F530CA1-6FEC-4AE0-A688-0A18FEF9C1B4}.Debug|Any CPU.ActiveCfg = Debug|Any CPU
		{6F530CA1-6FEC-4AE0-A688-0A18FEF9C1B4}.Debug|Any CPU.Build.0 = Debug|Any CPU
		{6F530CA1-6FEC-4AE0-A688-0A18FEF9C1B4}.Release|Any CPU.ActiveCfg = Release|Any CPU
		{6F530CA1-6FEC-4AE0-A688-0A18FEF9C1B4}.Release|Any CPU.Build.0 = Release|Any CPU
		{8086F0C6-33F6-C2A9-C2C6-443ECED87441}.Debug|Any CPU.ActiveCfg = Debug|Any CPU
		{8086F0C6-33F6-C2A9-C2C6-443ECED87441}.Debug|Any CPU.Build.0 = Debug|Any CPU
		{8086F0C6-33F6-C2A9-C2C6-443ECED87441}.Release|Any CPU.ActiveCfg = Release|Any CPU
		{8086F0C6-33F6-C2A9-C2C6-443ECED87441}.Release|Any CPU.Build.0 = Release|Any CPU
	EndGlobalSection
	GlobalSection(SolutionProperties) = preSolution
		HideSolutionNode = FALSE
	EndGlobalSection
	GlobalSection(NestedProjects) = preSolution
		{D3804228-91F4-1111-9595-39584E5A01AD} = {B929A431-00E4-4054-8796-A6F1DF7AC3EA}
		{7E44ABE0-9290-4089-822C-F6641502D57B} = {51587962-74F5-415F-AA57-FEC39EF78DBC}
		{619F6271-9459-4FF4-A0EE-F3A6DC3DDF16} = {B6E64DE9-6ABC-49B5-BF60-84111A43FD0C}
		{17A41057-FB1B-1912-E250-BF806A8E5E65} = {51587962-74F5-415F-AA57-FEC39EF78DBC}
		{6F530CA1-6FEC-4AE0-A688-0A18FEF9C1B4} = {B929A431-00E4-4054-8796-A6F1DF7AC3EA}
		{8086F0C6-33F6-C2A9-C2C6-443ECED87441} = {51587962-74F5-415F-AA57-FEC39EF78DBC}
	EndGlobalSection
	GlobalSection(ExtensibilityGlobals) = postSolution
		SolutionGuid = {D9B883AA-56BD-4B76-A679-C82E766F4C2D}
	EndGlobalSection
EndGlobal
